dependencies:
- name: eo-management
  repository: ""
  version: 0.1.1
- name: edge-orchestrator-services
  repository: ""
  version: "0.20"
- name: microsegmentation
  repository: ""
  version: 0.1.0
- name: mist-ee
  repository: ""
  version: 0.1.0
- name: fusion-services-helm
  repository: https://isgedge.artifactory.cec.lab.emc.com/artifactory/isgedge-helm-virtual
  version: 0.1.203
digest: sha256:34d0e5bfdef2443a9f4781f6d4f739db25ac2fee4be00b55239a50094a4cf69c
generated: "2025-06-19T08:56:19.15687608Z"
