dependencies:
- name: postgresql
  repository: oci://registry-1.docker.io/bitnamicharts
  version: 16.5.3
- name: dsp-portal-db-init-chart
  repository: oci://702886132326.dkr.ecr.eu-west-1.amazonaws.com
  version: 0.0.8
- name: dsp-iam-login-svc-chart
  repository: oci://702886132326.dkr.ecr.eu-west-1.amazonaws.com
  version: 1.0.15
- name: dsp-portal-nats-chart
  repository: oci://702886132326.dkr.ecr.eu-west-1.amazonaws.com
  version: 0.1.11
digest: sha256:6d5f1fdd0bcb74034e475f914a5deef58158658f8ff0280b5f6df9e7be0b7e01
generated: "2025-05-12T15:00:24.261328918Z"
