dependencies:
- name: postgresql-chart
  repository: oci://702886132326.dkr.ecr.eu-west-1.amazonaws.com/bitnami
  version: 16.5.3-official
- name: dsp-portal-db-init-chart
  repository: oci://702886132326.dkr.ecr.eu-west-1.amazonaws.com
  version: 0.0.16
- name: dsp-iam-login-svc-chart
  repository: oci://702886132326.dkr.ecr.eu-west-1.amazonaws.com
  version: 1.0.15
- name: dsp-portal-nats-chart
  repository: oci://702886132326.dkr.ecr.eu-west-1.amazonaws.com
  version: 0.1.11
digest: sha256:6cdcbb942125d3b5cde1e6e629bf31aeaebeb2f67d63a79611121fedc0c0826d
generated: "2025-06-18T16:57:53.113370049Z"
